
Microsoft Visual Studio Solution File, Format Version 12.00
Project("{FAE04EC0-301F-11D3-BF4B-00C04F79EFBC}") = "Domain", "Domain\Domain.csproj", "{DD0F134E-9C18-45D1-B728-BB0034402798}"
EndProject
Project("{FAE04EC0-301F-11D3-BF4B-00C04F79EFBC}") = "Domain.Tests", "Domain.Tests\Domain.Tests.csproj", "{77BBCD07-CD3C-4478-8D0E-1E44B3C505F5}"
EndProject
Global
	GlobalSection(SolutionConfigurationPlatforms) = preSolution
		Debug|Any CPU = Debug|Any CPU
		Release|Any CPU = Release|Any CPU
	EndGlobalSection
	GlobalSection(ProjectConfigurationPlatforms) = postSolution
		{DD0F134E-9C18-45D1-B728-BB0034402798}.Debug|Any CPU.ActiveCfg = Debug|Any CPU
		{DD0F134E-9C18-45D1-B728-BB0034402798}.Debug|Any CPU.Build.0 = Debug|Any CPU
		{DD0F134E-9C18-45D1-B728-BB0034402798}.Release|Any CPU.ActiveCfg = Release|Any CPU
		{DD0F134E-9C18-45D1-B728-BB0034402798}.Release|Any CPU.Build.0 = Release|Any CPU
		{77BBCD07-CD3C-4478-8D0E-1E44B3C505F5}.Debug|Any CPU.ActiveCfg = Debug|Any CPU
		{77BBCD07-CD3C-4478-8D0E-1E44B3C505F5}.Debug|Any CPU.Build.0 = Debug|Any CPU
		{77BBCD07-CD3C-4478-8D0E-1E44B3C505F5}.Release|Any CPU.ActiveCfg = Release|Any CPU
		{77BBCD07-CD3C-4478-8D0E-1E44B3C505F5}.Release|Any CPU.Build.0 = Release|Any CPU
	EndGlobalSection
EndGlobal
