
Microsoft Visual Studio Solution File, Format Version 12.00
# Visual Studio Version 17
VisualStudioVersion = 17.11.35222.181
MinimumVisualStudioVersion = 10.0.40219.1
Project("{9A19103F-16F7-4668-BE54-9A1E7A4F7556}") = "UI", "UI\UI.csproj", "{F7B256D1-A91A-4229-BF02-C7D42F3DE7E5}"
EndProject
Project("{9A19103F-16F7-4668-BE54-9A1E7A4F7556}") = "BusinessLogic", "BusinessLogic\BusinessLogic.csproj", "{ABD4B571-B5CA-4D0D-B9B7-0052C4076123}"
EndProject
Project("{FAE04EC0-301F-11D3-BF4B-00C04F79EFBC}") = "Domain", "Domain\Domain.csproj", "{7F679396-B076-4213-A08C-01A279A090D7}"
EndProject
Project("{FAE04EC0-301F-11D3-BF4B-00C04F79EFBC}") = "Dtos", "Dtos\Dtos.csproj", "{4852A2A4-1B2C-4FA5-9285-321C1F6FC0B3}"
EndProject
Global
	GlobalSection(SolutionConfigurationPlatforms) = preSolution
		Debug|Any CPU = Debug|Any CPU
		Release|Any CPU = Release|Any CPU
	EndGlobalSection
	GlobalSection(ProjectConfigurationPlatforms) = postSolution
		{F7B256D1-A91A-4229-BF02-C7D42F3DE7E5}.Debug|Any CPU.ActiveCfg = Debug|Any CPU
		{F7B256D1-A91A-4229-BF02-C7D42F3DE7E5}.Debug|Any CPU.Build.0 = Debug|Any CPU
		{F7B256D1-A91A-4229-BF02-C7D42F3DE7E5}.Release|Any CPU.ActiveCfg = Release|Any CPU
		{F7B256D1-A91A-4229-BF02-C7D42F3DE7E5}.Release|Any CPU.Build.0 = Release|Any CPU
		{ABD4B571-B5CA-4D0D-B9B7-0052C4076123}.Debug|Any CPU.ActiveCfg = Debug|Any CPU
		{ABD4B571-B5CA-4D0D-B9B7-0052C4076123}.Debug|Any CPU.Build.0 = Debug|Any CPU
		{ABD4B571-B5CA-4D0D-B9B7-0052C4076123}.Release|Any CPU.ActiveCfg = Release|Any CPU
		{ABD4B571-B5CA-4D0D-B9B7-0052C4076123}.Release|Any CPU.Build.0 = Release|Any CPU
		{7F679396-B076-4213-A08C-01A279A090D7}.Debug|Any CPU.ActiveCfg = Debug|Any CPU
		{7F679396-B076-4213-A08C-01A279A090D7}.Debug|Any CPU.Build.0 = Debug|Any CPU
		{7F679396-B076-4213-A08C-01A279A090D7}.Release|Any CPU.ActiveCfg = Release|Any CPU
		{7F679396-B076-4213-A08C-01A279A090D7}.Release|Any CPU.Build.0 = Release|Any CPU
		{4852A2A4-1B2C-4FA5-9285-321C1F6FC0B3}.Debug|Any CPU.ActiveCfg = Debug|Any CPU
		{4852A2A4-1B2C-4FA5-9285-321C1F6FC0B3}.Debug|Any CPU.Build.0 = Debug|Any CPU
		{4852A2A4-1B2C-4FA5-9285-321C1F6FC0B3}.Release|Any CPU.ActiveCfg = Release|Any CPU
		{4852A2A4-1B2C-4FA5-9285-321C1F6FC0B3}.Release|Any CPU.Build.0 = Release|Any CPU
	EndGlobalSection
	GlobalSection(SolutionProperties) = preSolution
		HideSolutionNode = FALSE
	EndGlobalSection
	GlobalSection(ExtensibilityGlobals) = postSolution
		SolutionGuid = {FA8B2775-7FFE-4A62-9A38-6EDC63F44EFE}
	EndGlobalSection
EndGlobal
